
Microsoft Visual Studio Solution File, Format Version 12.00
# Visual Studio Version 16
VisualStudioVersion = 16.0.31702.278
MinimumVisualStudioVersion = 10.0.40219.1
Project("{FAE04EC0-301F-11D3-BF4B-00C04F79EFBC}") = "Block3_v11", "Block3_v11\Block3_v11.csproj", "{F7E1EBED-7D46-4988-BA24-0CF462052C4E}"
EndProject
Global
	GlobalSection(SolutionConfigurationPlatforms) = preSolution
		Debug|Any CPU = Debug|Any CPU
		Release|Any CPU = Release|Any CPU
	EndGlobalSection
	GlobalSection(ProjectConfigurationPlatforms) = postSolution
		{F7E1EBED-7D46-4988-BA24-0CF462052C4E}.Debug|Any CPU.ActiveCfg = Debug|Any CPU
		{F7E1EBED-7D46-4988-BA24-0CF462052C4E}.Debug|Any CPU.Build.0 = Debug|Any CPU
		{F7E1EBED-7D46-4988-BA24-0CF462052C4E}.Release|Any CPU.ActiveCfg = Release|Any CPU
		{F7E1EBED-7D46-4988-BA24-0CF462052C4E}.Release|Any CPU.Build.0 = Release|Any CPU
	EndGlobalSection
	GlobalSection(SolutionProperties) = preSolution
		HideSolutionNode = FALSE
	EndGlobalSection
	GlobalSection(ExtensibilityGlobals) = postSolution
		SolutionGuid = {7DDE63A7-28E8-4805-B98F-A7C9E7B2C807}
	EndGlobalSection
EndGlobal
